// !$*UTF8*$!
{
	archiveVersion = 1;
	classes = {
	};
	objectVersion = 46;
	objects = {

/* Begin PBXBuildFile section */
		5F5C61B31F5704C200B4D57F /* AppDelegate.swift in Sources */ = {isa = PBXBuildFile; fileRef = 5F5C61B21F5704C200B4D57F /* AppDelegate.swift */; };
		5F5C61B81F5704C200B4D57F /* Main.storyboard in Resources */ = {isa = PBXBuildFile; fileRef = 5F5C61B61F5704C200B4D57F /* Main.storyboard */; };
		5F5C61BA1F5704C200B4D57F /* Assets.xcassets in Resources */ = {isa = PBXBuildFile; fileRef = 5F5C61B91F5704C200B4D57F /* Assets.xcassets */; };
		5F5C61BD1F5704C200B4D57F /* LaunchScreen.storyboard in Resources */ = {isa = PBXBuildFile; fileRef = 5F5C61BB1F5704C200B4D57F /* LaunchScreen.storyboard */; };
		5F5C61C51F5709AF00B4D57F /* VC1.swift in Sources */ = {isa = PBXBuildFile; fileRef = 5F5C61C41F5709AF00B4D57F /* VC1.swift */; };
		5F5C61C71F5709BF00B4D57F /* VC2.swift in Sources */ = {isa = PBXBuildFile; fileRef = 5F5C61C61F5709BF00B4D57F /* VC2.swift */; };
		5F5C61C91F5709CB00B4D57F /* VC3.swift in Sources */ = {isa = PBXBuildFile; fileRef = 5F5C61C81F5709CB00B4D57F /* VC3.swift */; };
		5F5C61CB1F5709D800B4D57F /* VC4.swift in Sources */ = {isa = PBXBuildFile; fileRef = 5F5C61CA1F5709D800B4D57F /* VC4.swift */; };
		5F5C61CD1F5D332B00B4D57F /* ModalViewController.swift in Sources */ = {isa = PBXBuildFile; fileRef = 5F5C61CC1F5D332B00B4D57F /* ModalViewController.swift */; };
		5F6621461F5D36AC007E1A88 /* UIViewController+util.swift in Sources */ = {isa = PBXBuildFile; fileRef = 5F6621451F5D36AC007E1A88 /* UIViewController+util.swift */; };
		5F81EDB420E4B086009CE1F4 /* SegueVC1.swift in Sources */ = {isa = PBXBuildFile; fileRef = 5F81EDB320E4B086009CE1F4 /* SegueVC1.swift */; };
		5FFB8D6720E4B8B300F53D4D /* SegueVC2.swift in Sources */ = {isa = PBXBuildFile; fileRef = 5FFB8D6620E4B8B300F53D4D /* SegueVC2.swift */; };
/* End PBXBuildFile section */

/* Begin PBXFileReference section */
		5F5C61AF1F5704C200B4D57F /* UIViewControllerLoadingTest.app */ = {isa = PBXFileReference; explicitFileType = wrapper.application; includeInIndex = 0; path = UIViewControllerLoadingTest.app; sourceTree = BUILT_PRODUCTS_DIR; };
		5F5C61B21F5704C200B4D57F /* AppDelegate.swift */ = {isa = PBXFileReference; lastKnownFileType = sourcecode.swift; path = AppDelegate.swift; sourceTree = "<group>"; };
		5F5C61B71F5704C200B4D57F /* Base */ = {isa = PBXFileReference; lastKnownFileType = file.storyboard; name = Base; path = Base.lproj/Main.storyboard; sourceTree = "<group>"; };
		5F5C61B91F5704C200B4D57F /* Assets.xcassets */ = {isa = PBXFileReference; lastKnownFileType = folder.assetcatalog; path = Assets.xcassets; sourceTree = "<group>"; };
		5F5C61BC1F5704C200B4D57F /* Base */ = {isa = PBXFileReference; lastKnownFileType = file.storyboard; name = Base; path = Base.lproj/LaunchScreen.storyboard; sourceTree = "<group>"; };
		5F5C61BE1F5704C200B4D57F /* Info.plist */ = {isa = PBXFileReference; lastKnownFileType = text.plist.xml; path = Info.plist; sourceTree = "<group>"; };
		5F5C61C41F5709AF00B4D57F /* VC1.swift */ = {isa = PBXFileReference; fileEncoding = 4; lastKnownFileType = sourcecode.swift; path = VC1.swift; sourceTree = "<group>"; };
		5F5C61C61F5709BF00B4D57F /* VC2.swift */ = {isa = PBXFileReference; fileEncoding = 4; lastKnownFileType = sourcecode.swift; path = VC2.swift; sourceTree = "<group>"; };
		5F5C61C81F5709CB00B4D57F /* VC3.swift */ = {isa = PBXFileReference; fileEncoding = 4; lastKnownFileType = sourcecode.swift; path = VC3.swift; sourceTree = "<group>"; };
		5F5C61CA1F5709D800B4D57F /* VC4.swift */ = {isa = PBXFileReference; fileEncoding = 4; lastKnownFileType = sourcecode.swift; path = VC4.swift; sourceTree = "<group>"; };
		5F5C61CC1F5D332B00B4D57F /* ModalViewController.swift */ = {isa = PBXFileReference; fileEncoding = 4; lastKnownFileType = sourcecode.swift; path = ModalViewController.swift; sourceTree = "<group>"; };
		5F6621451F5D36AC007E1A88 /* UIViewController+util.swift */ = {isa = PBXFileReference; fileEncoding = 4; lastKnownFileType = sourcecode.swift; path = "UIViewController+util.swift"; sourceTree = "<group>"; };
		5F81EDB320E4B086009CE1F4 /* SegueVC1.swift */ = {isa = PBXFileReference; lastKnownFileType = sourcecode.swift; path = SegueVC1.swift; sourceTree = "<group>"; };
		5FFB8D6620E4B8B300F53D4D /* SegueVC2.swift */ = {isa = PBXFileReference; lastKnownFileType = sourcecode.swift; path = SegueVC2.swift; sourceTree = "<group>"; };
/* End PBXFileReference section */

/* Begin PBXFrameworksBuildPhase section */
		5F5C61AC1F5704C200B4D57F /* Frameworks */ = {
			isa = PBXFrameworksBuildPhase;
			buildActionMask = 2147483647;
			files = (
			);
			runOnlyForDeploymentPostprocessing = 0;
		};
/* End PBXFrameworksBuildPhase section */

/* Begin PBXGroup section */
		5F5C61A61F5704C200B4D57F = {
			isa = PBXGroup;
			children = (
				5F5C61B11F5704C200B4D57F /* UIViewControllerLoadingTest */,
				5F5C61B01F5704C200B4D57F /* Products */,
			);
			sourceTree = "<group>";
		};
		5F5C61B01F5704C200B4D57F /* Products */ = {
			isa = PBXGroup;
			children = (
				5F5C61AF1F5704C200B4D57F /* UIViewControllerLoadingTest.app */,
			);
			name = Products;
			sourceTree = "<group>";
		};
		5F5C61B11F5704C200B4D57F /* UIViewControllerLoadingTest */ = {
			isa = PBXGroup;
			children = (
				5F5C61B21F5704C200B4D57F /* AppDelegate.swift */,
				5F5C61B61F5704C200B4D57F /* Main.storyboard */,
				5F5C61B91F5704C200B4D57F /* Assets.xcassets */,
				5F5C61BB1F5704C200B4D57F /* LaunchScreen.storyboard */,
				5F5C61BE1F5704C200B4D57F /* Info.plist */,
				5F5C61C41F5709AF00B4D57F /* VC1.swift */,
				5F5C61C61F5709BF00B4D57F /* VC2.swift */,
				5F5C61C81F5709CB00B4D57F /* VC3.swift */,
				5F5C61CA1F5709D800B4D57F /* VC4.swift */,
				5F5C61CC1F5D332B00B4D57F /* ModalViewController.swift */,
				5F6621451F5D36AC007E1A88 /* UIViewController+util.swift */,
				5F81EDB320E4B086009CE1F4 /* SegueVC1.swift */,
				5FFB8D6620E4B8B300F53D4D /* SegueVC2.swift */,
			);
			path = UIViewControllerLoadingTest;
			sourceTree = "<group>";
		};
/* End PBXGroup section */

/* Begin PBXNativeTarget section */
		5F5C61AE1F5704C200B4D57F /* UIViewControllerLoadingTest */ = {
			isa = PBXNativeTarget;
			buildConfigurationList = 5F5C61C11F5704C200B4D57F /* Build configuration list for PBXNativeTarget "UIViewControllerLoadingTest" */;
			buildPhases = (
				5F5C61AB1F5704C200B4D57F /* Sources */,
				5F5C61AC1F5704C200B4D57F /* Frameworks */,
				5F5C61AD1F5704C200B4D57F /* Resources */,
			);
			buildRules = (
			);
			dependencies = (
			);
			name = UIViewControllerLoadingTest;
			productName = UIViewControllerLoadingTest;
			productReference = 5F5C61AF1F5704C200B4D57F /* UIViewControllerLoadingTest.app */;
			productType = "com.apple.product-type.application";
		};
/* End PBXNativeTarget section */

/* Begin PBXProject section */
		5F5C61A71F5704C200B4D57F /* Project object */ = {
			isa = PBXProject;
			attributes = {
				LastSwiftUpdateCheck = 0830;
				LastUpgradeCheck = 0830;
				TargetAttributes = {
					5F5C61AE1F5704C200B4D57F = {
						CreatedOnToolsVersion = 8.3.3;
						DevelopmentTeam = FXF3A286RW;
						ProvisioningStyle = Automatic;
					};
				};
			};
			buildConfigurationList = 5F5C61AA1F5704C200B4D57F /* Build configuration list for PBXProject "UIViewControllerLoadingTest" */;
			compatibilityVersion = "Xcode 3.2";
			developmentRegion = English;
			hasScannedForEncodings = 0;
			knownRegions = (
				en,
				Base,
			);
			mainGroup = 5F5C61A61F5704C200B4D57F;
			productRefGroup = 5F5C61B01F5704C200B4D57F /* Products */;
			projectDirPath = "";
			projectRoot = "";
			targets = (
				5F5C61AE1F5704C200B4D57F /* UIViewControllerLoadingTest */,
			);
		};
/* End PBXProject section */

/* Begin PBXResourcesBuildPhase section */
		5F5C61AD1F5704C200B4D57F /* Resources */ = {
			isa = PBXResourcesBuildPhase;
			buildActionMask = 2147483647;
			files = (
				5F5C61BD1F5704C200B4D57F /* LaunchScreen.storyboard in Resources */,
				5F5C61BA1F5704C200B4D57F /* Assets.xcassets in Resources */,
				5F5C61B81F5704C200B4D57F /* Main.storyboard in Resources */,
			);
			runOnlyForDeploymentPostprocessing = 0;
		};
/* End PBXResourcesBuildPhase section */

/* Begin PBXSourcesBuildPhase section */
		5F5C61AB1F5704C200B4D57F /* Sources */ = {
			isa = PBXSourcesBuildPhase;
			buildActionMask = 2147483647;
			files = (
				5F5C61C51F5709AF00B4D57F /* VC1.swift in Sources */,
				5F6621461F5D36AC007E1A88 /* UIViewController+util.swift in Sources */,
				5F5C61C91F5709CB00B4D57F /* VC3.swift in Sources */,
				5F5C61CB1F5709D800B4D57F /* VC4.swift in Sources */,
				5F81EDB420E4B086009CE1F4 /* SegueVC1.swift in Sources */,
				5F5C61B31F5704C200B4D57F /* AppDelegate.swift in Sources */,
				5F5C61CD1F5D332B00B4D57F /* ModalViewController.swift in Sources */,
				5FFB8D6720E4B8B300F53D4D /* SegueVC2.swift in Sources */,
				5F5C61C71F5709BF00B4D57F /* VC2.swift in Sources */,
			);
			runOnlyForDeploymentPostprocessing = 0;
		};
/* End PBXSourcesBuildPhase section */

/* Begin PBXVariantGroup section */
		5F5C61B61F5704C200B4D57F /* Main.storyboard */ = {
			isa = PBXVariantGroup;
			children = (
				5F5C61B71F5704C200B4D57F /* Base */,
			);
			name = Main.storyboard;
			sourceTree = "<group>";
		};
		5F5C61BB1F5704C200B4D57F /* LaunchScreen.storyboard */ = {
			isa = PBXVariantGroup;
			children = (
				5F5C61BC1F5704C200B4D57F /* Base */,
			);
			name = LaunchScreen.storyboard;
			sourceTree = "<group>";
		};
/* End PBXVariantGroup section */

/* Begin XCBuildConfiguration section */
		5F5C61BF1F5704C200B4D57F /* Debug */ = {
			isa = XCBuildConfiguration;
			buildSettings = {
				ALWAYS_SEARCH_USER_PATHS = NO;
				CLANG_ANALYZER_NONNULL = YES;
				CLANG_ANALYZER_NUMBER_OBJECT_CONVERSION = YES_AGGRESSIVE;
				CLANG_CXX_LANGUAGE_STANDARD = "gnu++0x";
				CLANG_CXX_LIBRARY = "libc++";
				CLANG_ENABLE_MODULES = YES;
				CLANG_ENABLE_OBJC_ARC = YES;
				CLANG_WARN_BOOL_CONVERSION = YES;
				CLANG_WARN_CONSTANT_CONVERSION = YES;
				CLANG_WARN_DIRECT_OBJC_ISA_USAGE = YES_ERROR;
				CLANG_WARN_DOCUMENTATION_COMMENTS = YES;
				CLANG_WARN_EMPTY_BODY = YES;
				CLANG_WARN_ENUM_CONVERSION = YES;
				CLANG_WARN_INFINITE_RECURSION = YES;
				CLANG_WARN_INT_CONVERSION = YES;
				CLANG_WARN_OBJC_ROOT_CLASS = YES_ERROR;
				CLANG_WARN_SUSPICIOUS_MOVE = YES;
				CLANG_WARN_UNREACHABLE_CODE = YES;
				CLANG_WARN__DUPLICATE_METHOD_MATCH = YES;
				"CODE_SIGN_IDENTITY[sdk=iphoneos*]" = "iPhone Developer";
				COPY_PHASE_STRIP = NO;
				DEBUG_INFORMATION_FORMAT = dwarf;
				ENABLE_STRICT_OBJC_MSGSEND = YES;
				ENABLE_TESTABILITY = YES;
				GCC_C_LANGUAGE_STANDARD = gnu99;
				GCC_DYNAMIC_NO_PIC = NO;
				GCC_NO_COMMON_BLOCKS = YES;
				GCC_OPTIMIZATION_LEVEL = 0;
				GCC_PREPROCESSOR_DEFINITIONS = (
					"DEBUG=1",
					"$(inherited)",
				);
				GCC_WARN_64_TO_32_BIT_CONVERSION = YES;
				GCC_WARN_ABOUT_RETURN_TYPE = YES_ERROR;
				GCC_WARN_UNDECLARED_SELECTOR = YES;
				GCC_WARN_UNINITIALIZED_AUTOS = YES_AGGRESSIVE;
				GCC_WARN_UNUSED_FUNCTION = YES;
				GCC_WARN_UNUSED_VARIABLE = YES;
				IPHONEOS_DEPLOYMENT_TARGET = 10.3;
				MTL_ENABLE_DEBUG_INFO = YES;
				ONLY_ACTIVE_ARCH = YES;
				SDKROOT = iphoneos;
				SWIFT_ACTIVE_COMPILATION_CONDITIONS = DEBUG;
				SWIFT_OPTIMIZATION_LEVEL = "-Onone";
				TARGETED_DEVICE_FAMILY = "1,2";
			};
			name = Debug;
		};
		5F5C61C01F5704C200B4D57F /* Release */ = {
			isa = XCBuildConfiguration;
			buildSettings = {
				ALWAYS_SEARCH_USER_PATHS = NO;
				CLANG_ANALYZER_NONNULL = YES;
				CLANG_ANALYZER_NUMBER_OBJECT_CONVERSION = YES_AGGRESSIVE;
				CLANG_CXX_LANGUAGE_STANDARD = "gnu++0x";
				CLANG_CXX_LIBRARY = "libc++";
				CLANG_ENABLE_MODULES = YES;
				CLANG_ENABLE_OBJC_ARC = YES;
				CLANG_WARN_BOOL_CONVERSION = YES;
				CLANG_WARN_CONSTANT_CONVERSION = YES;
				CLANG_WARN_DIRECT_OBJC_ISA_USAGE = YES_ERROR;
				CLANG_WARN_DOCUMENTATION_COMMENTS = YES;
				CLANG_WARN_EMPTY_BODY = YES;
				CLANG_WARN_ENUM_CONVERSION = YES;
				CLANG_WARN_INFINITE_RECURSION = YES;
				CLANG_WARN_INT_CONVERSION = YES;
				CLANG_WARN_OBJC_ROOT_CLASS = YES_ERROR;
				CLANG_WARN_SUSPICIOUS_MOVE = YES;
				CLANG_WARN_UNREACHABLE_CODE = YES;
				CLANG_WARN__DUPLICATE_METHOD_MATCH = YES;
				"CODE_SIGN_IDENTITY[sdk=iphoneos*]" = "iPhone Developer";
				COPY_PHASE_STRIP = NO;
				DEBUG_INFORMATION_FORMAT = "dwarf-with-dsym";
				ENABLE_NS_ASSERTIONS = NO;
				ENABLE_STRICT_OBJC_MSGSEND = YES;
				GCC_C_LANGUAGE_STANDARD = gnu99;
				GCC_NO_COMMON_BLOCKS = YES;
				GCC_WARN_64_TO_32_BIT_CONVERSION = YES;
				GCC_WARN_ABOUT_RETURN_TYPE = YES_ERROR;
				GCC_WARN_UNDECLARED_SELECTOR = YES;
				GCC_WARN_UNINITIALIZED_AUTOS = YES_AGGRESSIVE;
				GCC_WARN_UNUSED_FUNCTION = YES;
				GCC_WARN_UNUSED_VARIABLE = YES;
				IPHONEOS_DEPLOYMENT_TARGET = 10.3;
				MTL_ENABLE_DEBUG_INFO = NO;
				SDKROOT = iphoneos;
				SWIFT_OPTIMIZATION_LEVEL = "-Owholemodule";
				TARGETED_DEVICE_FAMILY = "1,2";
				VALIDATE_PRODUCT = YES;
			};
			name = Release;
		};
		5F5C61C21F5704C200B4D57F /* Debug */ = {
			isa = XCBuildConfiguration;
			buildSettings = {
				ASSETCATALOG_COMPILER_APPICON_NAME = AppIcon;
				DEVELOPMENT_TEAM = FXF3A286RW;
				INFOPLIST_FILE = UIViewControllerLoadingTest/Info.plist;
				LD_RUNPATH_SEARCH_PATHS = "$(inherited) @executable_path/Frameworks";
				PRODUCT_BUNDLE_IDENTIFIER = nu.hasselaar.UIViewControllerLoadingTest;
				PRODUCT_NAME = "$(TARGET_NAME)";
				SWIFT_VERSION = 3.0;
			};
			name = Debug;
		};
		5F5C61C31F5704C200B4D57F /* Release */ = {
			isa = XCBuildConfiguration;
			buildSettings = {
				ASSETCATALOG_COMPILER_APPICON_NAME = AppIcon;
				DEVELOPMENT_TEAM = FXF3A286RW;
				INFOPLIST_FILE = UIViewControllerLoadingTest/Info.plist;
				LD_RUNPATH_SEARCH_PATHS = "$(inherited) @executable_path/Frameworks";
				PRODUCT_BUNDLE_IDENTIFIER = nu.hasselaar.UIViewControllerLoadingTest;
				PRODUCT_NAME = "$(TARGET_NAME)";
				SWIFT_VERSION = 3.0;
			};
			name = Release;
		};
/* End XCBuildConfiguration section */

/* Begin XCConfigurationList section */
		5F5C61AA1F5704C200B4D57F /* Build configuration list for PBXProject "UIViewControllerLoadingTest" */ = {
			isa = XCConfigurationList;
			buildConfigurations = (
				5F5C61BF1F5704C200B4D57F /* Debug */,
				5F5C61C01F5704C200B4D57F /* Release */,
			);
			defaultConfigurationIsVisible = 0;
			defaultConfigurationName = Release;
		};
		5F5C61C11F5704C200B4D57F /* Build configuration list for PBXNativeTarget "UIViewControllerLoadingTest" */ = {
			isa = XCConfigurationList;
			buildConfigurations = (
				5F5C61C21F5704C200B4D57F /* Debug */,
				5F5C61C31F5704C200B4D57F /* Release */,
			);
			defaultConfigurationIsVisible = 0;
			defaultConfigurationName = Release;
		};
/* End XCConfigurationList section */
	};
	rootObject = 5F5C61A71F5704C200B4D57F /* Project object */;
}
